# This file is autogenerated, do not edit; changes may be undone by the next 'dep ensure'.


[[projects]]
  branch = "master"
  name = "github.com/orisano/go-adal"
  packages = ["."]
  revision = "81712b4cce100ced64ab35b7073359cd721e7f11"

[[projects]]
  branch = "master"
  name = "github.com/orisano/httpc"
  packages = ["."]
  revision = "c80fa830e1b94e3503d2ccb94960705980ccc2b0"

[[projects]]
  name = "github.com/pkg/errors"
  packages = ["."]
  revision = "645ef00459ed84a119197bfb8d8205042c6df63d"
  version = "v0.8.0"

[[projects]]
  branch = "master"
  name = "golang.org/x/net"
  packages = ["context","context/ctxhttp"]
  revision = "c73622c77280266305273cb545f54516ced95b93"

[[projects]]
  branch = "master"
  name = "golang.org/x/oauth2"
  packages = [".","clientcredentials","internal"]
  revision = "bb50c06baba3d0c76f9d125c0719093e315b5b44"

[solve-meta]
  analyzer-name = "dep"
  analyzer-version = 1
  inputs-digest = "35b30c6f3e058b7bb346e9f82314115231c2a31b018c34802724f9c27237c20d"
  solver-name = "gps-cdcl"
  solver-version = 1
